
Microsoft Visual Studio Solution File, Format Version 12.00
# Visual Studio Version 17
VisualStudioVersion = 17.7.34202.233
MinimumVisualStudioVersion = 10.0.40219.1
Project("{FAE04EC0-301F-11D3-BF4B-00C04F79EFBC}") = "doan", "doan\doan.csproj", "{62BC8B09-6099-41E6-A2D6-5C1947C71431}"
EndProject
Global
	GlobalSection(SolutionConfigurationPlatforms) = preSolution
		Debug|Any CPU = Debug|Any CPU
		Release|Any CPU = Release|Any CPU
	EndGlobalSection
	GlobalSection(ProjectConfigurationPlatforms) = postSolution
		{62BC8B09-6099-41E6-A2D6-5C1947C71431}.Debug|Any CPU.ActiveCfg = Debug|Any CPU
		{62BC8B09-6099-41E6-A2D6-5C1947C71431}.Debug|Any CPU.Build.0 = Debug|Any CPU
		{62BC8B09-6099-41E6-A2D6-5C1947C71431}.Release|Any CPU.ActiveCfg = Release|Any CPU
		{62BC8B09-6099-41E6-A2D6-5C1947C71431}.Release|Any CPU.Build.0 = Release|Any CPU
	EndGlobalSection
	GlobalSection(SolutionProperties) = preSolution
		HideSolutionNode = FALSE
	EndGlobalSection
	GlobalSection(ExtensibilityGlobals) = postSolution
		SolutionGuid = {E8D95B93-8BCC-49F3-ACEE-A0715BAAF387}
	EndGlobalSection
EndGlobal
